
Microsoft Visual Studio Solution File, Format Version 12.00
# Visual Studio 14
VisualStudioVersion = 14.0.25420.1
MinimumVisualStudioVersion = 10.0.40219.1
Project("{E24C65DC-7377-472B-9ABA-BC803B73C61A}") = "kapdewala", ".", "{AF49FFF1-E2D4-4859-81AA-877F3D6547EA}"
	ProjectSection(WebsiteProperties) = preProject
		TargetFrameworkMoniker = ".NETFramework,Version%3Dv4.0"
		Debug.AspNetCompiler.VirtualPath = "/localhost_52597"
		Debug.AspNetCompiler.PhysicalPath = "D:\laptop hdd\project\product\kapdewala\"
		Debug.AspNetCompiler.TargetPath = "PrecompiledWeb\localhost_52597\"
		Debug.AspNetCompiler.Updateable = "true"
		Debug.AspNetCompiler.ForceOverwrite = "true"
		Debug.AspNetCompiler.FixedNames = "false"
		Debug.AspNetCompiler.Debug = "True"
		Release.AspNetCompiler.VirtualPath = "/localhost_52597"
		Release.AspNetCompiler.PhysicalPath = "D:\laptop hdd\project\product\kapdewala\"
		Release.AspNetCompiler.TargetPath = "PrecompiledWeb\localhost_52597\"
		Release.AspNetCompiler.Updateable = "true"
		Release.AspNetCompiler.ForceOverwrite = "true"
		Release.AspNetCompiler.FixedNames = "false"
		Release.AspNetCompiler.Debug = "False"
		VWDPort = "52597"
	EndProjectSection
EndProject
Global
	GlobalSection(SolutionConfigurationPlatforms) = preSolution
		Debug|Any CPU = Debug|Any CPU
	EndGlobalSection
	GlobalSection(ProjectConfigurationPlatforms) = postSolution
		{AF49FFF1-E2D4-4859-81AA-877F3D6547EA}.Debug|Any CPU.ActiveCfg = Debug|Any CPU
		{AF49FFF1-E2D4-4859-81AA-877F3D6547EA}.Debug|Any CPU.Build.0 = Debug|Any CPU
	EndGlobalSection
	GlobalSection(SolutionProperties) = preSolution
		HideSolutionNode = FALSE
	EndGlobalSection
EndGlobal
